
Microsoft Visual Studio Solution File, Format Version 12.00
# Visual Studio Version 17
VisualStudioVersion = 17.1.32319.34
MinimumVisualStudioVersion = 10.0.40219.1
Project("{FAE04EC0-301F-11D3-BF4B-00C04F79EFBC}") = "MvvmApp.UWP", "MvvmApp\MvvmApp.UWP\MvvmApp.UWP.csproj", "{3210F328-9EF7-4387-93A6-18C7FE0AF518}"
EndProject
Project("{FAE04EC0-301F-11D3-BF4B-00C04F79EFBC}") = "MvvmApp.Android", "MvvmApp\MvvmApp.Android\MvvmApp.Android.csproj", "{768786F0-2422-413F-82C6-9F148D157D75}"
EndProject
Project("{FAE04EC0-301F-11D3-BF4B-00C04F79EFBC}") = "MvvmApp.iOS", "MvvmApp\MvvmApp.iOS\MvvmApp.iOS.csproj", "{B9EA488E-AE25-4CEB-AF00-F97F3FD860CF}"
EndProject
Project("{FAE04EC0-301F-11D3-BF4B-00C04F79EFBC}") = "MvvmApp", "MvvmApp\MvvmApp\MvvmApp.csproj", "{51623266-57B5-4235-A2C2-0E2C20B248BB}"
EndProject
Global
	GlobalSection(SolutionConfigurationPlatforms) = preSolution
		Debug|Any CPU = Debug|Any CPU
		Debug|ARM = Debug|ARM
		Debug|iPhone = Debug|iPhone
		Debug|iPhoneSimulator = Debug|iPhoneSimulator
		Debug|x64 = Debug|x64
		Debug|x86 = Debug|x86
		Release|Any CPU = Release|Any CPU
		Release|ARM = Release|ARM
		Release|iPhone = Release|iPhone
		Release|iPhoneSimulator = Release|iPhoneSimulator
		Release|x64 = Release|x64
		Release|x86 = Release|x86
	EndGlobalSection
	GlobalSection(ProjectConfigurationPlatforms) = postSolution
		{3210F328-9EF7-4387-93A6-18C7FE0AF518}.Debug|Any CPU.ActiveCfg = Debug|x64
		{3210F328-9EF7-4387-93A6-18C7FE0AF518}.Debug|Any CPU.Build.0 = Debug|x64
		{3210F328-9EF7-4387-93A6-18C7FE0AF518}.Debug|Any CPU.Deploy.0 = Debug|x64
		{3210F328-9EF7-4387-93A6-18C7FE0AF518}.Debug|ARM.ActiveCfg = Debug|ARM
		{3210F328-9EF7-4387-93A6-18C7FE0AF518}.Debug|ARM.Build.0 = Debug|ARM
		{3210F328-9EF7-4387-93A6-18C7FE0AF518}.Debug|ARM.Deploy.0 = Debug|ARM
		{3210F328-9EF7-4387-93A6-18C7FE0AF518}.Debug|iPhone.ActiveCfg = Debug|x64
		{3210F328-9EF7-4387-93A6-18C7FE0AF518}.Debug|iPhone.Build.0 = Debug|x64
		{3210F328-9EF7-4387-93A6-18C7FE0AF518}.Debug|iPhone.Deploy.0 = Debug|x64
		{3210F328-9EF7-4387-93A6-18C7FE0AF518}.Debug|iPhoneSimulator.ActiveCfg = Debug|x64
		{3210F328-9EF7-4387-93A6-18C7FE0AF518}.Debug|iPhoneSimulator.Build.0 = Debug|x64
		{3210F328-9EF7-4387-93A6-18C7FE0AF518}.Debug|iPhoneSimulator.Deploy.0 = Debug|x64
		{3210F328-9EF7-4387-93A6-18C7FE0AF518}.Debug|x64.ActiveCfg = Debug|x64
		{3210F328-9EF7-4387-93A6-18C7FE0AF518}.Debug|x64.Build.0 = Debug|x64
		{3210F328-9EF7-4387-93A6-18C7FE0AF518}.Debug|x64.Deploy.0 = Debug|x64
		{3210F328-9EF7-4387-93A6-18C7FE0AF518}.Debug|x86.ActiveCfg = Debug|x86
		{3210F328-9EF7-4387-93A6-18C7FE0AF518}.Debug|x86.Build.0 = Debug|x86
		{3210F328-9EF7-4387-93A6-18C7FE0AF518}.Debug|x86.Deploy.0 = Debug|x86
		{3210F328-9EF7-4387-93A6-18C7FE0AF518}.Release|Any CPU.ActiveCfg = Release|x64
		{3210F328-9EF7-4387-93A6-18C7FE0AF518}.Release|Any CPU.Build.0 = Release|x64
		{3210F328-9EF7-4387-93A6-18C7FE0AF518}.Release|Any CPU.Deploy.0 = Release|x64
		{3210F328-9EF7-4387-93A6-18C7FE0AF518}.Release|ARM.ActiveCfg = Release|ARM
		{3210F328-9EF7-4387-93A6-18C7FE0AF518}.Release|ARM.Build.0 = Release|ARM
		{3210F328-9EF7-4387-93A6-18C7FE0AF518}.Release|ARM.Deploy.0 = Release|ARM
		{3210F328-9EF7-4387-93A6-18C7FE0AF518}.Release|iPhone.ActiveCfg = Release|x64
		{3210F328-9EF7-4387-93A6-18C7FE0AF518}.Release|iPhone.Build.0 = Release|x64
		{3210F328-9EF7-4387-93A6-18C7FE0AF518}.Release|iPhone.Deploy.0 = Release|x64
		{3210F328-9EF7-4387-93A6-18C7FE0AF518}.Release|iPhoneSimulator.ActiveCfg = Release|x64
		{3210F328-9EF7-4387-93A6-18C7FE0AF518}.Release|iPhoneSimulator.Build.0 = Release|x64
		{3210F328-9EF7-4387-93A6-18C7FE0AF518}.Release|iPhoneSimulator.Deploy.0 = Release|x64
		{3210F328-9EF7-4387-93A6-18C7FE0AF518}.Release|x64.ActiveCfg = Release|x64
		{3210F328-9EF7-4387-93A6-18C7FE0AF518}.Release|x64.Build.0 = Release|x64
		{3210F328-9EF7-4387-93A6-18C7FE0AF518}.Release|x64.Deploy.0 = Release|x64
		{3210F328-9EF7-4387-93A6-18C7FE0AF518}.Release|x86.ActiveCfg = Release|x86
		{3210F328-9EF7-4387-93A6-18C7FE0AF518}.Release|x86.Build.0 = Release|x86
		{3210F328-9EF7-4387-93A6-18C7FE0AF518}.Release|x86.Deploy.0 = Release|x86
		{768786F0-2422-413F-82C6-9F148D157D75}.Debug|Any CPU.ActiveCfg = Debug|Any CPU
		{768786F0-2422-413F-82C6-9F148D157D75}.Debug|Any CPU.Build.0 = Debug|Any CPU
		{768786F0-2422-413F-82C6-9F148D157D75}.Debug|Any CPU.Deploy.0 = Debug|Any CPU
		{768786F0-2422-413F-82C6-9F148D157D75}.Debug|ARM.ActiveCfg = Debug|Any CPU
		{768786F0-2422-413F-82C6-9F148D157D75}.Debug|ARM.Build.0 = Debug|Any CPU
		{768786F0-2422-413F-82C6-9F148D157D75}.Debug|ARM.Deploy.0 = Debug|Any CPU
		{768786F0-2422-413F-82C6-9F148D157D75}.Debug|iPhone.ActiveCfg = Debug|Any CPU
		{768786F0-2422-413F-82C6-9F148D157D75}.Debug|iPhone.Build.0 = Debug|Any CPU
		{768786F0-2422-413F-82C6-9F148D157D75}.Debug|iPhone.Deploy.0 = Debug|Any CPU
		{768786F0-2422-413F-82C6-9F148D157D75}.Debug|iPhoneSimulator.ActiveCfg = Debug|Any CPU
		{768786F0-2422-413F-82C6-9F148D157D75}.Debug|iPhoneSimulator.Build.0 = Debug|Any CPU
		{768786F0-2422-413F-82C6-9F148D157D75}.Debug|iPhoneSimulator.Deploy.0 = Debug|Any CPU
		{768786F0-2422-413F-82C6-9F148D157D75}.Debug|x64.ActiveCfg = Debug|Any CPU
		{768786F0-2422-413F-82C6-9F148D157D75}.Debug|x64.Build.0 = Debug|Any CPU
		{768786F0-2422-413F-82C6-9F148D157D75}.Debug|x64.Deploy.0 = Debug|Any CPU
		{768786F0-2422-413F-82C6-9F148D157D75}.Debug|x86.ActiveCfg = Debug|Any CPU
		{768786F0-2422-413F-82C6-9F148D157D75}.Debug|x86.Build.0 = Debug|Any CPU
		{768786F0-2422-413F-82C6-9F148D157D75}.Debug|x86.Deploy.0 = Debug|Any CPU
		{768786F0-2422-413F-82C6-9F148D157D75}.Release|Any CPU.ActiveCfg = Release|Any CPU
		{768786F0-2422-413F-82C6-9F148D157D75}.Release|Any CPU.Build.0 = Release|Any CPU
		{768786F0-2422-413F-82C6-9F148D157D75}.Release|Any CPU.Deploy.0 = Release|Any CPU
		{768786F0-2422-413F-82C6-9F148D157D75}.Release|ARM.ActiveCfg = Release|Any CPU
		{768786F0-2422-413F-82C6-9F148D157D75}.Release|ARM.Build.0 = Release|Any CPU
		{768786F0-2422-413F-82C6-9F148D157D75}.Release|ARM.Deploy.0 = Release|Any CPU
		{768786F0-2422-413F-82C6-9F148D157D75}.Release|iPhone.ActiveCfg = Release|Any CPU
		{768786F0-2422-413F-82C6-9F148D157D75}.Release|iPhone.Build.0 = Release|Any CPU
		{768786F0-2422-413F-82C6-9F148D157D75}.Release|iPhone.Deploy.0 = Release|Any CPU
		{768786F0-2422-413F-82C6-9F148D157D75}.Release|iPhoneSimulator.ActiveCfg = Release|Any CPU
		{768786F0-2422-413F-82C6-9F148D157D75}.Release|iPhoneSimulator.Build.0 = Release|Any CPU
		{768786F0-2422-413F-82C6-9F148D157D75}.Release|iPhoneSimulator.Deploy.0 = Release|Any CPU
		{768786F0-2422-413F-82C6-9F148D157D75}.Release|x64.ActiveCfg = Release|Any CPU
		{768786F0-2422-413F-82C6-9F148D157D75}.Release|x64.Build.0 = Release|Any CPU
		{768786F0-2422-413F-82C6-9F148D157D75}.Release|x64.Deploy.0 = Release|Any CPU
		{768786F0-2422-413F-82C6-9F148D157D75}.Release|x86.ActiveCfg = Release|Any CPU
		{768786F0-2422-413F-82C6-9F148D157D75}.Release|x86.Build.0 = Release|Any CPU
		{768786F0-2422-413F-82C6-9F148D157D75}.Release|x86.Deploy.0 = Release|Any CPU
		{B9EA488E-AE25-4CEB-AF00-F97F3FD860CF}.Debug|Any CPU.ActiveCfg = Debug|iPhoneSimulator
		{B9EA488E-AE25-4CEB-AF00-F97F3FD860CF}.Debug|Any CPU.Build.0 = Debug|iPhoneSimulator
		{B9EA488E-AE25-4CEB-AF00-F97F3FD860CF}.Debug|Any CPU.Deploy.0 = Debug|iPhoneSimulator
		{B9EA488E-AE25-4CEB-AF00-F97F3FD860CF}.Debug|ARM.ActiveCfg = Debug|iPhoneSimulator
		{B9EA488E-AE25-4CEB-AF00-F97F3FD860CF}.Debug|ARM.Build.0 = Debug|iPhoneSimulator
		{B9EA488E-AE25-4CEB-AF00-F97F3FD860CF}.Debug|ARM.Deploy.0 = Debug|iPhoneSimulator
		{B9EA488E-AE25-4CEB-AF00-F97F3FD860CF}.Debug|iPhone.ActiveCfg = Debug|iPhone
		{B9EA488E-AE25-4CEB-AF00-F97F3FD860CF}.Debug|iPhone.Build.0 = Debug|iPhone
		{B9EA488E-AE25-4CEB-AF00-F97F3FD860CF}.Debug|iPhone.Deploy.0 = Debug|iPhone
		{B9EA488E-AE25-4CEB-AF00-F97F3FD860CF}.Debug|iPhoneSimulator.ActiveCfg = Debug|iPhoneSimulator
		{B9EA488E-AE25-4CEB-AF00-F97F3FD860CF}.Debug|iPhoneSimulator.Build.0 = Debug|iPhoneSimulator
		{B9EA488E-AE25-4CEB-AF00-F97F3FD860CF}.Debug|iPhoneSimulator.Deploy.0 = Debug|iPhoneSimulator
		{B9EA488E-AE25-4CEB-AF00-F97F3FD860CF}.Debug|x64.ActiveCfg = Debug|iPhone
		{B9EA488E-AE25-4CEB-AF00-F97F3FD860CF}.Debug|x64.Build.0 = Debug|iPhone
		{B9EA488E-AE25-4CEB-AF00-F97F3FD860CF}.Debug|x64.Deploy.0 = Debug|iPhone
		{B9EA488E-AE25-4CEB-AF00-F97F3FD860CF}.Debug|x86.ActiveCfg = Debug|iPhoneSimulator
		{B9EA488E-AE25-4CEB-AF00-F97F3FD860CF}.Debug|x86.Build.0 = Debug|iPhoneSimulator
		{B9EA488E-AE25-4CEB-AF00-F97F3FD860CF}.Debug|x86.Deploy.0 = Debug|iPhoneSimulator
		{B9EA488E-AE25-4CEB-AF00-F97F3FD860CF}.Release|Any CPU.ActiveCfg = Release|iPhoneSimulator
		{B9EA488E-AE25-4CEB-AF00-F97F3FD860CF}.Release|Any CPU.Build.0 = Release|iPhoneSimulator
		{B9EA488E-AE25-4CEB-AF00-F97F3FD860CF}.Release|Any CPU.Deploy.0 = Release|iPhoneSimulator
		{B9EA488E-AE25-4CEB-AF00-F97F3FD860CF}.Release|ARM.ActiveCfg = Release|iPhoneSimulator
		{B9EA488E-AE25-4CEB-AF00-F97F3FD860CF}.Release|ARM.Build.0 = Release|iPhoneSimulator
		{B9EA488E-AE25-4CEB-AF00-F97F3FD860CF}.Release|ARM.Deploy.0 = Release|iPhoneSimulator
		{B9EA488E-AE25-4CEB-AF00-F97F3FD860CF}.Release|iPhone.ActiveCfg = Release|iPhone
		{B9EA488E-AE25-4CEB-AF00-F97F3FD860CF}.Release|iPhone.Build.0 = Release|iPhone
		{B9EA488E-AE25-4CEB-AF00-F97F3FD860CF}.Release|iPhone.Deploy.0 = Release|iPhone
		{B9EA488E-AE25-4CEB-AF00-F97F3FD860CF}.Release|iPhoneSimulator.ActiveCfg = Release|iPhoneSimulator
		{B9EA488E-AE25-4CEB-AF00-F97F3FD860CF}.Release|iPhoneSimulator.Build.0 = Release|iPhoneSimulator
		{B9EA488E-AE25-4CEB-AF00-F97F3FD860CF}.Release|iPhoneSimulator.Deploy.0 = Release|iPhoneSimulator
		{B9EA488E-AE25-4CEB-AF00-F97F3FD860CF}.Release|x64.ActiveCfg = Release|iPhoneSimulator
		{B9EA488E-AE25-4CEB-AF00-F97F3FD860CF}.Release|x64.Build.0 = Release|iPhoneSimulator
		{B9EA488E-AE25-4CEB-AF00-F97F3FD860CF}.Release|x64.Deploy.0 = Release|iPhoneSimulator
		{B9EA488E-AE25-4CEB-AF00-F97F3FD860CF}.Release|x86.ActiveCfg = Release|iPhoneSimulator
		{B9EA488E-AE25-4CEB-AF00-F97F3FD860CF}.Release|x86.Build.0 = Release|iPhoneSimulator
		{B9EA488E-AE25-4CEB-AF00-F97F3FD860CF}.Release|x86.Deploy.0 = Release|iPhoneSimulator
		{51623266-57B5-4235-A2C2-0E2C20B248BB}.Debug|Any CPU.ActiveCfg = Debug|Any CPU
		{51623266-57B5-4235-A2C2-0E2C20B248BB}.Debug|Any CPU.Build.0 = Debug|Any CPU
		{51623266-57B5-4235-A2C2-0E2C20B248BB}.Debug|Any CPU.Deploy.0 = Debug|Any CPU
		{51623266-57B5-4235-A2C2-0E2C20B248BB}.Debug|ARM.ActiveCfg = Debug|Any CPU
		{51623266-57B5-4235-A2C2-0E2C20B248BB}.Debug|ARM.Build.0 = Debug|Any CPU
		{51623266-57B5-4235-A2C2-0E2C20B248BB}.Debug|ARM.Deploy.0 = Debug|Any CPU
		{51623266-57B5-4235-A2C2-0E2C20B248BB}.Debug|iPhone.ActiveCfg = Debug|Any CPU
		{51623266-57B5-4235-A2C2-0E2C20B248BB}.Debug|iPhone.Build.0 = Debug|Any CPU
		{51623266-57B5-4235-A2C2-0E2C20B248BB}.Debug|iPhone.Deploy.0 = Debug|Any CPU
		{51623266-57B5-4235-A2C2-0E2C20B248BB}.Debug|iPhoneSimulator.ActiveCfg = Debug|Any CPU
		{51623266-57B5-4235-A2C2-0E2C20B248BB}.Debug|iPhoneSimulator.Build.0 = Debug|Any CPU
		{51623266-57B5-4235-A2C2-0E2C20B248BB}.Debug|iPhoneSimulator.Deploy.0 = Debug|Any CPU
		{51623266-57B5-4235-A2C2-0E2C20B248BB}.Debug|x64.ActiveCfg = Debug|Any CPU
		{51623266-57B5-4235-A2C2-0E2C20B248BB}.Debug|x64.Build.0 = Debug|Any CPU
		{51623266-57B5-4235-A2C2-0E2C20B248BB}.Debug|x64.Deploy.0 = Debug|Any CPU
		{51623266-57B5-4235-A2C2-0E2C20B248BB}.Debug|x86.ActiveCfg = Debug|Any CPU
		{51623266-57B5-4235-A2C2-0E2C20B248BB}.Debug|x86.Build.0 = Debug|Any CPU
		{51623266-57B5-4235-A2C2-0E2C20B248BB}.Debug|x86.Deploy.0 = Debug|Any CPU
		{51623266-57B5-4235-A2C2-0E2C20B248BB}.Release|Any CPU.ActiveCfg = Release|Any CPU
		{51623266-57B5-4235-A2C2-0E2C20B248BB}.Release|Any CPU.Build.0 = Release|Any CPU
		{51623266-57B5-4235-A2C2-0E2C20B248BB}.Release|Any CPU.Deploy.0 = Release|Any CPU
		{51623266-57B5-4235-A2C2-0E2C20B248BB}.Release|ARM.ActiveCfg = Release|Any CPU
		{51623266-57B5-4235-A2C2-0E2C20B248BB}.Release|ARM.Build.0 = Release|Any CPU
		{51623266-57B5-4235-A2C2-0E2C20B248BB}.Release|ARM.Deploy.0 = Release|Any CPU
		{51623266-57B5-4235-A2C2-0E2C20B248BB}.Release|iPhone.ActiveCfg = Release|Any CPU
		{51623266-57B5-4235-A2C2-0E2C20B248BB}.Release|iPhone.Build.0 = Release|Any CPU
		{51623266-57B5-4235-A2C2-0E2C20B248BB}.Release|iPhone.Deploy.0 = Release|Any CPU
		{51623266-57B5-4235-A2C2-0E2C20B248BB}.Release|iPhoneSimulator.ActiveCfg = Release|Any CPU
		{51623266-57B5-4235-A2C2-0E2C20B248BB}.Release|iPhoneSimulator.Build.0 = Release|Any CPU
		{51623266-57B5-4235-A2C2-0E2C20B248BB}.Release|iPhoneSimulator.Deploy.0 = Release|Any CPU
		{51623266-57B5-4235-A2C2-0E2C20B248BB}.Release|x64.ActiveCfg = Release|Any CPU
		{51623266-57B5-4235-A2C2-0E2C20B248BB}.Release|x64.Build.0 = Release|Any CPU
		{51623266-57B5-4235-A2C2-0E2C20B248BB}.Release|x64.Deploy.0 = Release|Any CPU
		{51623266-57B5-4235-A2C2-0E2C20B248BB}.Release|x86.ActiveCfg = Release|Any CPU
		{51623266-57B5-4235-A2C2-0E2C20B248BB}.Release|x86.Build.0 = Release|Any CPU
		{51623266-57B5-4235-A2C2-0E2C20B248BB}.Release|x86.Deploy.0 = Release|Any CPU
	EndGlobalSection
	GlobalSection(SolutionProperties) = preSolution
		HideSolutionNode = FALSE
	EndGlobalSection
	GlobalSection(ExtensibilityGlobals) = postSolution
		SolutionGuid = {2AE37B13-6F92-459B-87F6-2BC5B841C605}
	EndGlobalSection
EndGlobal
